// !$*UTF8*$!
{
	archiveVersion = 1;
	classes = {
	};
	objectVersion = 50;
	objects = {

/* Begin PBXBuildFile section */
		2A21033B215D14830071A360 /* ViewControllerTests.swift in Sources */ = {isa = PBXBuildFile; fileRef = 2A21033A215D14830071A360 /* ViewControllerTests.swift */; };
		2A763E47215CF91900155EBC /* AppDelegate.swift in Sources */ = {isa = PBXBuildFile; fileRef = 2A763E46215CF91900155EBC /* AppDelegate.swift */; };
		2A763E49215CF91900155EBC /* ViewController.swift in Sources */ = {isa = PBXBuildFile; fileRef = 2A763E48215CF91900155EBC /* ViewController.swift */; };
		2A763E4C215CF91900155EBC /* Main.storyboard in Resources */ = {isa = PBXBuildFile; fileRef = 2A763E4A215CF91900155EBC /* Main.storyboard */; };
		2A763E4E215CF91A00155EBC /* Assets.xcassets in Resources */ = {isa = PBXBuildFile; fileRef = 2A763E4D215CF91A00155EBC /* Assets.xcassets */; };
		2A763E51215CF91A00155EBC /* LaunchScreen.storyboard in Resources */ = {isa = PBXBuildFile; fileRef = 2A763E4F215CF91A00155EBC /* LaunchScreen.storyboard */; };
		2A763E5C215CF91B00155EBC /* ContinuousAppTests.swift in Sources */ = {isa = PBXBuildFile; fileRef = 2A763E5B215CF91B00155EBC /* ContinuousAppTests.swift */; };
		2A763E67215CFB5100155EBC /* DataBoss.swift in Sources */ = {isa = PBXBuildFile; fileRef = 2A763E66215CFB5100155EBC /* DataBoss.swift */; };
		2A763E69215CFD2400155EBC /* NetworkManager.swift in Sources */ = {isa = PBXBuildFile; fileRef = 2A763E68215CFD2400155EBC /* NetworkManager.swift */; };
		2A763E6B215CFD5D00155EBC /* Result.swift in Sources */ = {isa = PBXBuildFile; fileRef = 2A763E6A215CFD5D00155EBC /* Result.swift */; };
		2A763E70215D004C00155EBC /* Users.swift in Sources */ = {isa = PBXBuildFile; fileRef = 2A763E6F215D004C00155EBC /* Users.swift */; };
		2A763E74215D014C00155EBC /* DataBossTests.swift in Sources */ = {isa = PBXBuildFile; fileRef = 2A763E73215D014C00155EBC /* DataBossTests.swift */; };
		2A763E78215D04AD00155EBC /* XCTest+Eventually.swift in Sources */ = {isa = PBXBuildFile; fileRef = 2A763E77215D04AD00155EBC /* XCTest+Eventually.swift */; };
/* End PBXBuildFile section */

/* Begin PBXContainerItemProxy section */
		2A763E58215CF91B00155EBC /* PBXContainerItemProxy */ = {
			isa = PBXContainerItemProxy;
			containerPortal = 2A763E3B215CF91900155EBC /* Project object */;
			proxyType = 1;
			remoteGlobalIDString = 2A763E42215CF91900155EBC;
			remoteInfo = ContinuousApp;
		};
/* End PBXContainerItemProxy section */

/* Begin PBXFileReference section */
		2A21033A215D14830071A360 /* ViewControllerTests.swift */ = {isa = PBXFileReference; lastKnownFileType = sourcecode.swift; path = ViewControllerTests.swift; sourceTree = "<group>"; };
		2A763E43215CF91900155EBC /* ContinuousApp.app */ = {isa = PBXFileReference; explicitFileType = wrapper.application; includeInIndex = 0; path = ContinuousApp.app; sourceTree = BUILT_PRODUCTS_DIR; };
		2A763E46215CF91900155EBC /* AppDelegate.swift */ = {isa = PBXFileReference; lastKnownFileType = sourcecode.swift; path = AppDelegate.swift; sourceTree = "<group>"; };
		2A763E48215CF91900155EBC /* ViewController.swift */ = {isa = PBXFileReference; lastKnownFileType = sourcecode.swift; path = ViewController.swift; sourceTree = "<group>"; };
		2A763E4B215CF91900155EBC /* Base */ = {isa = PBXFileReference; lastKnownFileType = file.storyboard; name = Base; path = Base.lproj/Main.storyboard; sourceTree = "<group>"; };
		2A763E4D215CF91A00155EBC /* Assets.xcassets */ = {isa = PBXFileReference; lastKnownFileType = folder.assetcatalog; path = Assets.xcassets; sourceTree = "<group>"; };
		2A763E50215CF91A00155EBC /* Base */ = {isa = PBXFileReference; lastKnownFileType = file.storyboard; name = Base; path = Base.lproj/LaunchScreen.storyboard; sourceTree = "<group>"; };
		2A763E52215CF91A00155EBC /* Info.plist */ = {isa = PBXFileReference; lastKnownFileType = text.plist.xml; path = Info.plist; sourceTree = "<group>"; };
		2A763E57215CF91B00155EBC /* ContinuousAppTests.xctest */ = {isa = PBXFileReference; explicitFileType = wrapper.cfbundle; includeInIndex = 0; path = ContinuousAppTests.xctest; sourceTree = BUILT_PRODUCTS_DIR; };
		2A763E5B215CF91B00155EBC /* ContinuousAppTests.swift */ = {isa = PBXFileReference; lastKnownFileType = sourcecode.swift; path = ContinuousAppTests.swift; sourceTree = "<group>"; };
		2A763E5D215CF91B00155EBC /* Info.plist */ = {isa = PBXFileReference; lastKnownFileType = text.plist.xml; path = Info.plist; sourceTree = "<group>"; };
		2A763E66215CFB5100155EBC /* DataBoss.swift */ = {isa = PBXFileReference; lastKnownFileType = sourcecode.swift; path = DataBoss.swift; sourceTree = "<group>"; };
		2A763E68215CFD2400155EBC /* NetworkManager.swift */ = {isa = PBXFileReference; fileEncoding = 4; lastKnownFileType = sourcecode.swift; path = NetworkManager.swift; sourceTree = "<group>"; };
		2A763E6A215CFD5D00155EBC /* Result.swift */ = {isa = PBXFileReference; fileEncoding = 4; lastKnownFileType = sourcecode.swift; path = Result.swift; sourceTree = "<group>"; };
		2A763E6F215D004C00155EBC /* Users.swift */ = {isa = PBXFileReference; lastKnownFileType = sourcecode.swift; path = Users.swift; sourceTree = "<group>"; };
		2A763E73215D014C00155EBC /* DataBossTests.swift */ = {isa = PBXFileReference; lastKnownFileType = sourcecode.swift; path = DataBossTests.swift; sourceTree = "<group>"; };
		2A763E77215D04AD00155EBC /* XCTest+Eventually.swift */ = {isa = PBXFileReference; lastKnownFileType = sourcecode.swift; path = "XCTest+Eventually.swift"; sourceTree = "<group>"; };
/* End PBXFileReference section */

/* Begin PBXFrameworksBuildPhase section */
		2A763E40215CF91900155EBC /* Frameworks */ = {
			isa = PBXFrameworksBuildPhase;
			buildActionMask = 2147483647;
			files = (
			);
			runOnlyForDeploymentPostprocessing = 0;
		};
		2A763E54215CF91B00155EBC /* Frameworks */ = {
			isa = PBXFrameworksBuildPhase;
			buildActionMask = 2147483647;
			files = (
			);
			runOnlyForDeploymentPostprocessing = 0;
		};
/* End PBXFrameworksBuildPhase section */

/* Begin PBXGroup section */
		2A763E3A215CF91900155EBC = {
			isa = PBXGroup;
			children = (
				2A763E45215CF91900155EBC /* ContinuousApp */,
				2A763E5A215CF91B00155EBC /* ContinuousAppTests */,
				2A763E44215CF91900155EBC /* Products */,
			);
			sourceTree = "<group>";
		};
		2A763E44215CF91900155EBC /* Products */ = {
			isa = PBXGroup;
			children = (
				2A763E43215CF91900155EBC /* ContinuousApp.app */,
				2A763E57215CF91B00155EBC /* ContinuousAppTests.xctest */,
			);
			name = Products;
			sourceTree = "<group>";
		};
		2A763E45215CF91900155EBC /* ContinuousApp */ = {
			isa = PBXGroup;
			children = (
				2A763E6E215D004400155EBC /* Entities */,
				2A763E4D215CF91A00155EBC /* Assets.xcassets */,
				2A763E46215CF91900155EBC /* AppDelegate.swift */,
				2A763E66215CFB5100155EBC /* DataBoss.swift */,
				2A763E52215CF91A00155EBC /* Info.plist */,
				2A763E4F215CF91A00155EBC /* LaunchScreen.storyboard */,
				2A763E4A215CF91900155EBC /* Main.storyboard */,
				2A763E68215CFD2400155EBC /* NetworkManager.swift */,
				2A763E6A215CFD5D00155EBC /* Result.swift */,
				2A763E48215CF91900155EBC /* ViewController.swift */,
			);
			path = ContinuousApp;
			sourceTree = "<group>";
		};
		2A763E5A215CF91B00155EBC /* ContinuousAppTests */ = {
			isa = PBXGroup;
			children = (
				2A763E5B215CF91B00155EBC /* ContinuousAppTests.swift */,
				2A763E73215D014C00155EBC /* DataBossTests.swift */,
				2A763E5D215CF91B00155EBC /* Info.plist */,
				2A763E77215D04AD00155EBC /* XCTest+Eventually.swift */,
				2A21033A215D14830071A360 /* ViewControllerTests.swift */,
			);
			path = ContinuousAppTests;
			sourceTree = "<group>";
		};
		2A763E6E215D004400155EBC /* Entities */ = {
			isa = PBXGroup;
			children = (
				2A763E6F215D004C00155EBC /* Users.swift */,
			);
			path = Entities;
			sourceTree = "<group>";
		};
/* End PBXGroup section */

/* Begin PBXNativeTarget section */
		2A763E42215CF91900155EBC /* ContinuousApp */ = {
			isa = PBXNativeTarget;
			buildConfigurationList = 2A763E60215CF91B00155EBC /* Build configuration list for PBXNativeTarget "ContinuousApp" */;
			buildPhases = (
				2A763E3F215CF91900155EBC /* Sources */,
				2A763E40215CF91900155EBC /* Frameworks */,
				2A763E41215CF91900155EBC /* Resources */,
			);
			buildRules = (
			);
			dependencies = (
			);
			name = ContinuousApp;
			productName = ContinuousApp;
			productReference = 2A763E43215CF91900155EBC /* ContinuousApp.app */;
			productType = "com.apple.product-type.application";
		};
		2A763E56215CF91B00155EBC /* ContinuousAppTests */ = {
			isa = PBXNativeTarget;
			buildConfigurationList = 2A763E63215CF91B00155EBC /* Build configuration list for PBXNativeTarget "ContinuousAppTests" */;
			buildPhases = (
				2A763E53215CF91B00155EBC /* Sources */,
				2A763E54215CF91B00155EBC /* Frameworks */,
				2A763E55215CF91B00155EBC /* Resources */,
			);
			buildRules = (
			);
			dependencies = (
				2A763E59215CF91B00155EBC /* PBXTargetDependency */,
			);
			name = ContinuousAppTests;
			productName = ContinuousAppTests;
			productReference = 2A763E57215CF91B00155EBC /* ContinuousAppTests.xctest */;
			productType = "com.apple.product-type.bundle.unit-test";
		};
/* End PBXNativeTarget section */

/* Begin PBXProject section */
		2A763E3B215CF91900155EBC /* Project object */ = {
			isa = PBXProject;
			attributes = {
				LastSwiftUpdateCheck = 1000;
				LastUpgradeCheck = 1000;
				ORGANIZATIONNAME = "AppTrix AB";
				TargetAttributes = {
					2A763E42215CF91900155EBC = {
						CreatedOnToolsVersion = 10.0;
					};
					2A763E56215CF91B00155EBC = {
						CreatedOnToolsVersion = 10.0;
						TestTargetID = 2A763E42215CF91900155EBC;
					};
				};
			};
			buildConfigurationList = 2A763E3E215CF91900155EBC /* Build configuration list for PBXProject "ContinuousApp" */;
			compatibilityVersion = "Xcode 9.3";
			developmentRegion = en;
			hasScannedForEncodings = 0;
			knownRegions = (
				en,
				Base,
			);
			mainGroup = 2A763E3A215CF91900155EBC;
			productRefGroup = 2A763E44215CF91900155EBC /* Products */;
			projectDirPath = "";
			projectRoot = "";
			targets = (
				2A763E42215CF91900155EBC /* ContinuousApp */,
				2A763E56215CF91B00155EBC /* ContinuousAppTests */,
			);
		};
/* End PBXProject section */

/* Begin PBXResourcesBuildPhase section */
		2A763E41215CF91900155EBC /* Resources */ = {
			isa = PBXResourcesBuildPhase;
			buildActionMask = 2147483647;
			files = (
				2A763E51215CF91A00155EBC /* LaunchScreen.storyboard in Resources */,
				2A763E4E215CF91A00155EBC /* Assets.xcassets in Resources */,
				2A763E4C215CF91900155EBC /* Main.storyboard in Resources */,
			);
			runOnlyForDeploymentPostprocessing = 0;
		};
		2A763E55215CF91B00155EBC /* Resources */ = {
			isa = PBXResourcesBuildPhase;
			buildActionMask = 2147483647;
			files = (
			);
			runOnlyForDeploymentPostprocessing = 0;
		};
/* End PBXResourcesBuildPhase section */

/* Begin PBXSourcesBuildPhase section */
		2A763E3F215CF91900155EBC /* Sources */ = {
			isa = PBXSourcesBuildPhase;
			buildActionMask = 2147483647;
			files = (
				2A763E49215CF91900155EBC /* ViewController.swift in Sources */,
				2A763E6B215CFD5D00155EBC /* Result.swift in Sources */,
				2A763E47215CF91900155EBC /* AppDelegate.swift in Sources */,
				2A763E67215CFB5100155EBC /* DataBoss.swift in Sources */,
				2A763E70215D004C00155EBC /* Users.swift in Sources */,
				2A763E69215CFD2400155EBC /* NetworkManager.swift in Sources */,
			);
			runOnlyForDeploymentPostprocessing = 0;
		};
		2A763E53215CF91B00155EBC /* Sources */ = {
			isa = PBXSourcesBuildPhase;
			buildActionMask = 2147483647;
			files = (
				2A763E78215D04AD00155EBC /* XCTest+Eventually.swift in Sources */,
				2A763E74215D014C00155EBC /* DataBossTests.swift in Sources */,
				2A21033B215D14830071A360 /* ViewControllerTests.swift in Sources */,
				2A763E5C215CF91B00155EBC /* ContinuousAppTests.swift in Sources */,
			);
			runOnlyForDeploymentPostprocessing = 0;
		};
/* End PBXSourcesBuildPhase section */

/* Begin PBXTargetDependency section */
		2A763E59215CF91B00155EBC /* PBXTargetDependency */ = {
			isa = PBXTargetDependency;
			target = 2A763E42215CF91900155EBC /* ContinuousApp */;
			targetProxy = 2A763E58215CF91B00155EBC /* PBXContainerItemProxy */;
		};
/* End PBXTargetDependency section */

/* Begin PBXVariantGroup section */
		2A763E4A215CF91900155EBC /* Main.storyboard */ = {
			isa = PBXVariantGroup;
			children = (
				2A763E4B215CF91900155EBC /* Base */,
			);
			name = Main.storyboard;
			sourceTree = "<group>";
		};
		2A763E4F215CF91A00155EBC /* LaunchScreen.storyboard */ = {
			isa = PBXVariantGroup;
			children = (
				2A763E50215CF91A00155EBC /* Base */,
			);
			name = LaunchScreen.storyboard;
			sourceTree = "<group>";
		};
/* End PBXVariantGroup section */

/* Begin XCBuildConfiguration section */
		2A763E5E215CF91B00155EBC /* Debug */ = {
			isa = XCBuildConfiguration;
			buildSettings = {
				ALWAYS_SEARCH_USER_PATHS = NO;
				CLANG_ANALYZER_NONNULL = YES;
				CLANG_ANALYZER_NUMBER_OBJECT_CONVERSION = YES_AGGRESSIVE;
				CLANG_CXX_LANGUAGE_STANDARD = "gnu++14";
				CLANG_CXX_LIBRARY = "libc++";
				CLANG_ENABLE_MODULES = YES;
				CLANG_ENABLE_OBJC_ARC = YES;
				CLANG_ENABLE_OBJC_WEAK = YES;
				CLANG_WARN_BLOCK_CAPTURE_AUTORELEASING = YES;
				CLANG_WARN_BOOL_CONVERSION = YES;
				CLANG_WARN_COMMA = YES;
				CLANG_WARN_CONSTANT_CONVERSION = YES;
				CLANG_WARN_DEPRECATED_OBJC_IMPLEMENTATIONS = YES;
				CLANG_WARN_DIRECT_OBJC_ISA_USAGE = YES_ERROR;
				CLANG_WARN_DOCUMENTATION_COMMENTS = YES;
				CLANG_WARN_EMPTY_BODY = YES;
				CLANG_WARN_ENUM_CONVERSION = YES;
				CLANG_WARN_INFINITE_RECURSION = YES;
				CLANG_WARN_INT_CONVERSION = YES;
				CLANG_WARN_NON_LITERAL_NULL_CONVERSION = YES;
				CLANG_WARN_OBJC_IMPLICIT_RETAIN_SELF = YES;
				CLANG_WARN_OBJC_LITERAL_CONVERSION = YES;
				CLANG_WARN_OBJC_ROOT_CLASS = YES_ERROR;
				CLANG_WARN_RANGE_LOOP_ANALYSIS = YES;
				CLANG_WARN_STRICT_PROTOTYPES = YES;
				CLANG_WARN_SUSPICIOUS_MOVE = YES;
				CLANG_WARN_UNGUARDED_AVAILABILITY = YES_AGGRESSIVE;
				CLANG_WARN_UNREACHABLE_CODE = YES;
				CLANG_WARN__DUPLICATE_METHOD_MATCH = YES;
				CODE_SIGN_IDENTITY = "iPhone Developer";
				COPY_PHASE_STRIP = NO;
				DEBUG_INFORMATION_FORMAT = dwarf;
				ENABLE_STRICT_OBJC_MSGSEND = YES;
				ENABLE_TESTABILITY = YES;
				GCC_C_LANGUAGE_STANDARD = gnu11;
				GCC_DYNAMIC_NO_PIC = NO;
				GCC_NO_COMMON_BLOCKS = YES;
				GCC_OPTIMIZATION_LEVEL = 0;
				GCC_PREPROCESSOR_DEFINITIONS = (
					"DEBUG=1",
					"$(inherited)",
				);
				GCC_WARN_64_TO_32_BIT_CONVERSION = YES;
				GCC_WARN_ABOUT_RETURN_TYPE = YES_ERROR;
				GCC_WARN_UNDECLARED_SELECTOR = YES;
				GCC_WARN_UNINITIALIZED_AUTOS = YES_AGGRESSIVE;
				GCC_WARN_UNUSED_FUNCTION = YES;
				GCC_WARN_UNUSED_VARIABLE = YES;
				IPHONEOS_DEPLOYMENT_TARGET = 12.0;
				MTL_ENABLE_DEBUG_INFO = INCLUDE_SOURCE;
				MTL_FAST_MATH = YES;
				ONLY_ACTIVE_ARCH = YES;
				SDKROOT = iphoneos;
				SWIFT_ACTIVE_COMPILATION_CONDITIONS = DEBUG;
				SWIFT_OPTIMIZATION_LEVEL = "-Onone";
			};
			name = Debug;
		};
		2A763E5F215CF91B00155EBC /* Release */ = {
			isa = XCBuildConfiguration;
			buildSettings = {
				ALWAYS_SEARCH_USER_PATHS = NO;
				CLANG_ANALYZER_NONNULL = YES;
				CLANG_ANALYZER_NUMBER_OBJECT_CONVERSION = YES_AGGRESSIVE;
				CLANG_CXX_LANGUAGE_STANDARD = "gnu++14";
				CLANG_CXX_LIBRARY = "libc++";
				CLANG_ENABLE_MODULES = YES;
				CLANG_ENABLE_OBJC_ARC = YES;
				CLANG_ENABLE_OBJC_WEAK = YES;
				CLANG_WARN_BLOCK_CAPTURE_AUTORELEASING = YES;
				CLANG_WARN_BOOL_CONVERSION = YES;
				CLANG_WARN_COMMA = YES;
				CLANG_WARN_CONSTANT_CONVERSION = YES;
				CLANG_WARN_DEPRECATED_OBJC_IMPLEMENTATIONS = YES;
				CLANG_WARN_DIRECT_OBJC_ISA_USAGE = YES_ERROR;
				CLANG_WARN_DOCUMENTATION_COMMENTS = YES;
				CLANG_WARN_EMPTY_BODY = YES;
				CLANG_WARN_ENUM_CONVERSION = YES;
				CLANG_WARN_INFINITE_RECURSION = YES;
				CLANG_WARN_INT_CONVERSION = YES;
				CLANG_WARN_NON_LITERAL_NULL_CONVERSION = YES;
				CLANG_WARN_OBJC_IMPLICIT_RETAIN_SELF = YES;
				CLANG_WARN_OBJC_LITERAL_CONVERSION = YES;
				CLANG_WARN_OBJC_ROOT_CLASS = YES_ERROR;
				CLANG_WARN_RANGE_LOOP_ANALYSIS = YES;
				CLANG_WARN_STRICT_PROTOTYPES = YES;
				CLANG_WARN_SUSPICIOUS_MOVE = YES;
				CLANG_WARN_UNGUARDED_AVAILABILITY = YES_AGGRESSIVE;
				CLANG_WARN_UNREACHABLE_CODE = YES;
				CLANG_WARN__DUPLICATE_METHOD_MATCH = YES;
				CODE_SIGN_IDENTITY = "iPhone Developer";
				COPY_PHASE_STRIP = NO;
				DEBUG_INFORMATION_FORMAT = "dwarf-with-dsym";
				ENABLE_NS_ASSERTIONS = NO;
				ENABLE_STRICT_OBJC_MSGSEND = YES;
				GCC_C_LANGUAGE_STANDARD = gnu11;
				GCC_NO_COMMON_BLOCKS = YES;
				GCC_WARN_64_TO_32_BIT_CONVERSION = YES;
				GCC_WARN_ABOUT_RETURN_TYPE = YES_ERROR;
				GCC_WARN_UNDECLARED_SELECTOR = YES;
				GCC_WARN_UNINITIALIZED_AUTOS = YES_AGGRESSIVE;
				GCC_WARN_UNUSED_FUNCTION = YES;
				GCC_WARN_UNUSED_VARIABLE = YES;
				IPHONEOS_DEPLOYMENT_TARGET = 12.0;
				MTL_ENABLE_DEBUG_INFO = NO;
				MTL_FAST_MATH = YES;
				SDKROOT = iphoneos;
				SWIFT_COMPILATION_MODE = wholemodule;
				SWIFT_OPTIMIZATION_LEVEL = "-O";
				VALIDATE_PRODUCT = YES;
			};
			name = Release;
		};
		2A763E61215CF91B00155EBC /* Debug */ = {
			isa = XCBuildConfiguration;
			buildSettings = {
				ASSETCATALOG_COMPILER_APPICON_NAME = AppIcon;
				CODE_SIGN_STYLE = Automatic;
				DEVELOPMENT_TEAM = 6B3SHVL3L5;
				INFOPLIST_FILE = ContinuousApp/Info.plist;
				LD_RUNPATH_SEARCH_PATHS = (
					"$(inherited)",
					"@executable_path/Frameworks",
				);
				PRODUCT_BUNDLE_IDENTIFIER = se.apptrix.ContinuousApp;
				PRODUCT_NAME = "$(TARGET_NAME)";
				SWIFT_VERSION = 4.2;
				TARGETED_DEVICE_FAMILY = "1,2";
			};
			name = Debug;
		};
		2A763E62215CF91B00155EBC /* Release */ = {
			isa = XCBuildConfiguration;
			buildSettings = {
				ASSETCATALOG_COMPILER_APPICON_NAME = AppIcon;
				CODE_SIGN_STYLE = Automatic;
				DEVELOPMENT_TEAM = 6B3SHVL3L5;
				INFOPLIST_FILE = ContinuousApp/Info.plist;
				LD_RUNPATH_SEARCH_PATHS = (
					"$(inherited)",
					"@executable_path/Frameworks",
				);
				PRODUCT_BUNDLE_IDENTIFIER = se.apptrix.ContinuousApp;
				PRODUCT_NAME = "$(TARGET_NAME)";
				SWIFT_VERSION = 4.2;
				TARGETED_DEVICE_FAMILY = "1,2";
			};
			name = Release;
		};
		2A763E64215CF91B00155EBC /* Debug */ = {
			isa = XCBuildConfiguration;
			buildSettings = {
				ALWAYS_EMBED_SWIFT_STANDARD_LIBRARIES = YES;
				BUNDLE_LOADER = "$(TEST_HOST)";
				CODE_SIGN_STYLE = Automatic;
				DEVELOPMENT_TEAM = 6B3SHVL3L5;
				INFOPLIST_FILE = ContinuousAppTests/Info.plist;
				LD_RUNPATH_SEARCH_PATHS = (
					"$(inherited)",
					"@executable_path/Frameworks",
					"@loader_path/Frameworks",
				);
				PRODUCT_BUNDLE_IDENTIFIER = se.apptrix.ContinuousAppTests;
				PRODUCT_NAME = "$(TARGET_NAME)";
				SWIFT_VERSION = 4.2;
				TARGETED_DEVICE_FAMILY = "1,2";
				TEST_HOST = "$(BUILT_PRODUCTS_DIR)/ContinuousApp.app/ContinuousApp";
			};
			name = Debug;
		};
		2A763E65215CF91B00155EBC /* Release */ = {
			isa = XCBuildConfiguration;
			buildSettings = {
				ALWAYS_EMBED_SWIFT_STANDARD_LIBRARIES = YES;
				BUNDLE_LOADER = "$(TEST_HOST)";
				CODE_SIGN_STYLE = Automatic;
				DEVELOPMENT_TEAM = 6B3SHVL3L5;
				INFOPLIST_FILE = ContinuousAppTests/Info.plist;
				LD_RUNPATH_SEARCH_PATHS = (
					"$(inherited)",
					"@executable_path/Frameworks",
					"@loader_path/Frameworks",
				);
				PRODUCT_BUNDLE_IDENTIFIER = se.apptrix.ContinuousAppTests;
				PRODUCT_NAME = "$(TARGET_NAME)";
				SWIFT_VERSION = 4.2;
				TARGETED_DEVICE_FAMILY = "1,2";
				TEST_HOST = "$(BUILT_PRODUCTS_DIR)/ContinuousApp.app/ContinuousApp";
			};
			name = Release;
		};
/* End XCBuildConfiguration section */

/* Begin XCConfigurationList section */
		2A763E3E215CF91900155EBC /* Build configuration list for PBXProject "ContinuousApp" */ = {
			isa = XCConfigurationList;
			buildConfigurations = (
				2A763E5E215CF91B00155EBC /* Debug */,
				2A763E5F215CF91B00155EBC /* Release */,
			);
			defaultConfigurationIsVisible = 0;
			defaultConfigurationName = Release;
		};
		2A763E60215CF91B00155EBC /* Build configuration list for PBXNativeTarget "ContinuousApp" */ = {
			isa = XCConfigurationList;
			buildConfigurations = (
				2A763E61215CF91B00155EBC /* Debug */,
				2A763E62215CF91B00155EBC /* Release */,
			);
			defaultConfigurationIsVisible = 0;
			defaultConfigurationName = Release;
		};
		2A763E63215CF91B00155EBC /* Build configuration list for PBXNativeTarget "ContinuousAppTests" */ = {
			isa = XCConfigurationList;
			buildConfigurations = (
				2A763E64215CF91B00155EBC /* Debug */,
				2A763E65215CF91B00155EBC /* Release */,
			);
			defaultConfigurationIsVisible = 0;
			defaultConfigurationName = Release;
		};
/* End XCConfigurationList section */
	};
	rootObject = 2A763E3B215CF91900155EBC /* Project object */;
}
